// !$*UTF8*$!
{
	archiveVersion = 1;
	classes = {
	};
	objectVersion = 56;
	objects = {

/* Begin PBXBuildFile section */
		B1F23E3229DF963800914A8D /* AppDelegate.swift in Sources */ = {isa = PBXBuildFile; fileRef = B1F23E3129DF963800914A8D /* AppDelegate.swift */; };
		B1F23E3429DF963800914A8D /* SceneDelegate.swift in Sources */ = {isa = PBXBuildFile; fileRef = B1F23E3329DF963800914A8D /* SceneDelegate.swift */; };
		B1F23E3B29DF963900914A8D /* Assets.xcassets in Resources */ = {isa = PBXBuildFile; fileRef = B1F23E3A29DF963900914A8D /* Assets.xcassets */; };
		B1F23E3E29DF963900914A8D /* LaunchScreen.storyboard in Resources */ = {isa = PBXBuildFile; fileRef = B1F23E3C29DF963900914A8D /* LaunchScreen.storyboard */; };
		B1F23E4929DF963900914A8D /* RickAndMortyTests.swift in Sources */ = {isa = PBXBuildFile; fileRef = B1F23E4829DF963900914A8D /* RickAndMortyTests.swift */; };
		B1F23E5329DF963900914A8D /* RickAndMortyUITests.swift in Sources */ = {isa = PBXBuildFile; fileRef = B1F23E5229DF963900914A8D /* RickAndMortyUITests.swift */; };
		B1F23E5529DF963900914A8D /* RickAndMortyUITestsLaunchTests.swift in Sources */ = {isa = PBXBuildFile; fileRef = B1F23E5429DF963900914A8D /* RickAndMortyUITestsLaunchTests.swift */; };
		B1F23E6929DF9B4000914A8D /* RMLocation.swift in Sources */ = {isa = PBXBuildFile; fileRef = B1F23E6829DF9B4000914A8D /* RMLocation.swift */; };
		B1F23E6B29DF9B5300914A8D /* RMCharacter.swift in Sources */ = {isa = PBXBuildFile; fileRef = B1F23E6A29DF9B5300914A8D /* RMCharacter.swift */; };
		B1F23E6D29DF9B5F00914A8D /* RMEpisode.swift in Sources */ = {isa = PBXBuildFile; fileRef = B1F23E6C29DF9B5F00914A8D /* RMEpisode.swift */; };
		B1F23E6F29DF9F4E00914A8D /* RMTabViewController.swift in Sources */ = {isa = PBXBuildFile; fileRef = B1F23E6E29DF9F4E00914A8D /* RMTabViewController.swift */; };
		B1F23E7129DFA22100914A8D /* RMCharacterViewController.swift in Sources */ = {isa = PBXBuildFile; fileRef = B1F23E7029DFA22100914A8D /* RMCharacterViewController.swift */; };
		B1F23E7329DFA22C00914A8D /* RMEpisodeViewController.swift in Sources */ = {isa = PBXBuildFile; fileRef = B1F23E7229DFA22C00914A8D /* RMEpisodeViewController.swift */; };
		B1F23E7529DFA23800914A8D /* RMLocationViewController.swift in Sources */ = {isa = PBXBuildFile; fileRef = B1F23E7429DFA23800914A8D /* RMLocationViewController.swift */; };
		B1F23E7729DFA24400914A8D /* RMSettingsViewController.swift in Sources */ = {isa = PBXBuildFile; fileRef = B1F23E7629DFA24400914A8D /* RMSettingsViewController.swift */; };
/* End PBXBuildFile section */

/* Begin PBXContainerItemProxy section */
		B1F23E4529DF963900914A8D /* PBXContainerItemProxy */ = {
			isa = PBXContainerItemProxy;
			containerPortal = B1F23E2629DF963800914A8D /* Project object */;
			proxyType = 1;
			remoteGlobalIDString = B1F23E2D29DF963800914A8D;
			remoteInfo = RickAndMorty;
		};
		B1F23E4F29DF963900914A8D /* PBXContainerItemProxy */ = {
			isa = PBXContainerItemProxy;
			containerPortal = B1F23E2629DF963800914A8D /* Project object */;
			proxyType = 1;
			remoteGlobalIDString = B1F23E2D29DF963800914A8D;
			remoteInfo = RickAndMorty;
		};
/* End PBXContainerItemProxy section */

/* Begin PBXFileReference section */
		B1F23E2E29DF963800914A8D /* RickAndMorty.app */ = {isa = PBXFileReference; explicitFileType = wrapper.application; includeInIndex = 0; path = RickAndMorty.app; sourceTree = BUILT_PRODUCTS_DIR; };
		B1F23E3129DF963800914A8D /* AppDelegate.swift */ = {isa = PBXFileReference; lastKnownFileType = sourcecode.swift; path = AppDelegate.swift; sourceTree = "<group>"; };
		B1F23E3329DF963800914A8D /* SceneDelegate.swift */ = {isa = PBXFileReference; lastKnownFileType = sourcecode.swift; path = SceneDelegate.swift; sourceTree = "<group>"; };
		B1F23E3A29DF963900914A8D /* Assets.xcassets */ = {isa = PBXFileReference; lastKnownFileType = folder.assetcatalog; path = Assets.xcassets; sourceTree = "<group>"; };
		B1F23E3D29DF963900914A8D /* Base */ = {isa = PBXFileReference; lastKnownFileType = file.storyboard; name = Base; path = Base.lproj/LaunchScreen.storyboard; sourceTree = "<group>"; };
		B1F23E3F29DF963900914A8D /* Info.plist */ = {isa = PBXFileReference; lastKnownFileType = text.plist.xml; path = Info.plist; sourceTree = "<group>"; };
		B1F23E4429DF963900914A8D /* RickAndMortyTests.xctest */ = {isa = PBXFileReference; explicitFileType = wrapper.cfbundle; includeInIndex = 0; path = RickAndMortyTests.xctest; sourceTree = BUILT_PRODUCTS_DIR; };
		B1F23E4829DF963900914A8D /* RickAndMortyTests.swift */ = {isa = PBXFileReference; lastKnownFileType = sourcecode.swift; path = RickAndMortyTests.swift; sourceTree = "<group>"; };
		B1F23E4E29DF963900914A8D /* RickAndMortyUITests.xctest */ = {isa = PBXFileReference; explicitFileType = wrapper.cfbundle; includeInIndex = 0; path = RickAndMortyUITests.xctest; sourceTree = BUILT_PRODUCTS_DIR; };
		B1F23E5229DF963900914A8D /* RickAndMortyUITests.swift */ = {isa = PBXFileReference; lastKnownFileType = sourcecode.swift; path = RickAndMortyUITests.swift; sourceTree = "<group>"; };
		B1F23E5429DF963900914A8D /* RickAndMortyUITestsLaunchTests.swift */ = {isa = PBXFileReference; lastKnownFileType = sourcecode.swift; path = RickAndMortyUITestsLaunchTests.swift; sourceTree = "<group>"; };
		B1F23E6829DF9B4000914A8D /* RMLocation.swift */ = {isa = PBXFileReference; lastKnownFileType = sourcecode.swift; path = RMLocation.swift; sourceTree = "<group>"; };
		B1F23E6A29DF9B5300914A8D /* RMCharacter.swift */ = {isa = PBXFileReference; lastKnownFileType = sourcecode.swift; path = RMCharacter.swift; sourceTree = "<group>"; };
		B1F23E6C29DF9B5F00914A8D /* RMEpisode.swift */ = {isa = PBXFileReference; lastKnownFileType = sourcecode.swift; path = RMEpisode.swift; sourceTree = "<group>"; };
		B1F23E6E29DF9F4E00914A8D /* RMTabViewController.swift */ = {isa = PBXFileReference; lastKnownFileType = sourcecode.swift; path = RMTabViewController.swift; sourceTree = "<group>"; };
		B1F23E7029DFA22100914A8D /* RMCharacterViewController.swift */ = {isa = PBXFileReference; lastKnownFileType = sourcecode.swift; path = RMCharacterViewController.swift; sourceTree = "<group>"; };
		B1F23E7229DFA22C00914A8D /* RMEpisodeViewController.swift */ = {isa = PBXFileReference; lastKnownFileType = sourcecode.swift; path = RMEpisodeViewController.swift; sourceTree = "<group>"; };
		B1F23E7429DFA23800914A8D /* RMLocationViewController.swift */ = {isa = PBXFileReference; lastKnownFileType = sourcecode.swift; path = RMLocationViewController.swift; sourceTree = "<group>"; };
		B1F23E7629DFA24400914A8D /* RMSettingsViewController.swift */ = {isa = PBXFileReference; lastKnownFileType = sourcecode.swift; path = RMSettingsViewController.swift; sourceTree = "<group>"; };
/* End PBXFileReference section */

/* Begin PBXFrameworksBuildPhase section */
		B1F23E2B29DF963800914A8D /* Frameworks */ = {
			isa = PBXFrameworksBuildPhase;
			buildActionMask = 2147483647;
			files = (
			);
			runOnlyForDeploymentPostprocessing = 0;
		};
		B1F23E4129DF963900914A8D /* Frameworks */ = {
			isa = PBXFrameworksBuildPhase;
			buildActionMask = 2147483647;
			files = (
			);
			runOnlyForDeploymentPostprocessing = 0;
		};
		B1F23E4B29DF963900914A8D /* Frameworks */ = {
			isa = PBXFrameworksBuildPhase;
			buildActionMask = 2147483647;
			files = (
			);
			runOnlyForDeploymentPostprocessing = 0;
		};
/* End PBXFrameworksBuildPhase section */

/* Begin PBXGroup section */
		B1F23E2529DF963800914A8D = {
			isa = PBXGroup;
			children = (
				B1F23E3029DF963800914A8D /* RickAndMorty */,
				B1F23E4729DF963900914A8D /* RickAndMortyTests */,
				B1F23E5129DF963900914A8D /* RickAndMortyUITests */,
				B1F23E2F29DF963800914A8D /* Products */,
			);
			sourceTree = "<group>";
		};
		B1F23E2F29DF963800914A8D /* Products */ = {
			isa = PBXGroup;
			children = (
				B1F23E2E29DF963800914A8D /* RickAndMorty.app */,
				B1F23E4429DF963900914A8D /* RickAndMortyTests.xctest */,
				B1F23E4E29DF963900914A8D /* RickAndMortyUITests.xctest */,
			);
			name = Products;
			sourceTree = "<group>";
		};
		B1F23E3029DF963800914A8D /* RickAndMorty */ = {
			isa = PBXGroup;
			children = (
				B1F23E7829DFA3E700914A8D /* Resources */,
				B1F23E6629DF9AB400914A8D /* APIClient */,
				B1F23E6529DF9AAB00914A8D /* Managers */,
				B1F23E6429DF9A9D00914A8D /* ViewModels */,
				B1F23E6729DF9B1F00914A8D /* Views */,
				B1F23E6329DF9A9600914A8D /* Models */,
				B1F23E6129DF9A8400914A8D /* Controllers */,
				B1F23E3F29DF963900914A8D /* Info.plist */,
			);
			path = RickAndMorty;
			sourceTree = "<group>";
		};
		B1F23E4729DF963900914A8D /* RickAndMortyTests */ = {
			isa = PBXGroup;
			children = (
				B1F23E4829DF963900914A8D /* RickAndMortyTests.swift */,
			);
			path = RickAndMortyTests;
			sourceTree = "<group>";
		};
		B1F23E5129DF963900914A8D /* RickAndMortyUITests */ = {
			isa = PBXGroup;
			children = (
				B1F23E5229DF963900914A8D /* RickAndMortyUITests.swift */,
				B1F23E5429DF963900914A8D /* RickAndMortyUITestsLaunchTests.swift */,
			);
			path = RickAndMortyUITests;
			sourceTree = "<group>";
		};
		B1F23E6129DF9A8400914A8D /* Controllers */ = {
			isa = PBXGroup;
			children = (
				B1F23E6E29DF9F4E00914A8D /* RMTabViewController.swift */,
				B1F23E7029DFA22100914A8D /* RMCharacterViewController.swift */,
				B1F23E7229DFA22C00914A8D /* RMEpisodeViewController.swift */,
				B1F23E7429DFA23800914A8D /* RMLocationViewController.swift */,
				B1F23E7629DFA24400914A8D /* RMSettingsViewController.swift */,
			);
			path = Controllers;
			sourceTree = "<group>";
		};
		B1F23E6329DF9A9600914A8D /* Models */ = {
			isa = PBXGroup;
			children = (
				B1F23E6829DF9B4000914A8D /* RMLocation.swift */,
				B1F23E6A29DF9B5300914A8D /* RMCharacter.swift */,
				B1F23E6C29DF9B5F00914A8D /* RMEpisode.swift */,
			);
			path = Models;
			sourceTree = "<group>";
		};
		B1F23E6429DF9A9D00914A8D /* ViewModels */ = {
			isa = PBXGroup;
			children = (
			);
			path = ViewModels;
			sourceTree = "<group>";
		};
		B1F23E6529DF9AAB00914A8D /* Managers */ = {
			isa = PBXGroup;
			children = (
			);
			path = Managers;
			sourceTree = "<group>";
		};
		B1F23E6629DF9AB400914A8D /* APIClient */ = {
			isa = PBXGroup;
			children = (
			);
			path = APIClient;
			sourceTree = "<group>";
		};
		B1F23E6729DF9B1F00914A8D /* Views */ = {
			isa = PBXGroup;
			children = (
			);
			path = Views;
			sourceTree = "<group>";
		};
		B1F23E7829DFA3E700914A8D /* Resources */ = {
			isa = PBXGroup;
			children = (
				B1F23E3129DF963800914A8D /* AppDelegate.swift */,
				B1F23E3329DF963800914A8D /* SceneDelegate.swift */,
				B1F23E3A29DF963900914A8D /* Assets.xcassets */,
				B1F23E3C29DF963900914A8D /* LaunchScreen.storyboard */,
			);
			path = Resources;
			sourceTree = "<group>";
		};
/* End PBXGroup section */

/* Begin PBXNativeTarget section */
		B1F23E2D29DF963800914A8D /* RickAndMorty */ = {
			isa = PBXNativeTarget;
			buildConfigurationList = B1F23E5829DF963900914A8D /* Build configuration list for PBXNativeTarget "RickAndMorty" */;
			buildPhases = (
				B1F23E2A29DF963800914A8D /* Sources */,
				B1F23E2B29DF963800914A8D /* Frameworks */,
				B1F23E2C29DF963800914A8D /* Resources */,
			);
			buildRules = (
			);
			dependencies = (
			);
			name = RickAndMorty;
			productName = RickAndMorty;
			productReference = B1F23E2E29DF963800914A8D /* RickAndMorty.app */;
			productType = "com.apple.product-type.application";
		};
		B1F23E4329DF963900914A8D /* RickAndMortyTests */ = {
			isa = PBXNativeTarget;
			buildConfigurationList = B1F23E5B29DF963900914A8D /* Build configuration list for PBXNativeTarget "RickAndMortyTests" */;
			buildPhases = (
				B1F23E4029DF963900914A8D /* Sources */,
				B1F23E4129DF963900914A8D /* Frameworks */,
				B1F23E4229DF963900914A8D /* Resources */,
			);
			buildRules = (
			);
			dependencies = (
				B1F23E4629DF963900914A8D /* PBXTargetDependency */,
			);
			name = RickAndMortyTests;
			productName = RickAndMortyTests;
			productReference = B1F23E4429DF963900914A8D /* RickAndMortyTests.xctest */;
			productType = "com.apple.product-type.bundle.unit-test";
		};
		B1F23E4D29DF963900914A8D /* RickAndMortyUITests */ = {
			isa = PBXNativeTarget;
			buildConfigurationList = B1F23E5E29DF963900914A8D /* Build configuration list for PBXNativeTarget "RickAndMortyUITests" */;
			buildPhases = (
				B1F23E4A29DF963900914A8D /* Sources */,
				B1F23E4B29DF963900914A8D /* Frameworks */,
				B1F23E4C29DF963900914A8D /* Resources */,
			);
			buildRules = (
			);
			dependencies = (
				B1F23E5029DF963900914A8D /* PBXTargetDependency */,
			);
			name = RickAndMortyUITests;
			productName = RickAndMortyUITests;
			productReference = B1F23E4E29DF963900914A8D /* RickAndMortyUITests.xctest */;
			productType = "com.apple.product-type.bundle.ui-testing";
		};
/* End PBXNativeTarget section */

/* Begin PBXProject section */
		B1F23E2629DF963800914A8D /* Project object */ = {
			isa = PBXProject;
			attributes = {
				BuildIndependentTargetsInParallel = 1;
				LastSwiftUpdateCheck = 1430;
				LastUpgradeCheck = 1430;
				TargetAttributes = {
					B1F23E2D29DF963800914A8D = {
						CreatedOnToolsVersion = 14.3;
					};
					B1F23E4329DF963900914A8D = {
						CreatedOnToolsVersion = 14.3;
						TestTargetID = B1F23E2D29DF963800914A8D;
					};
					B1F23E4D29DF963900914A8D = {
						CreatedOnToolsVersion = 14.3;
						TestTargetID = B1F23E2D29DF963800914A8D;
					};
				};
			};
			buildConfigurationList = B1F23E2929DF963800914A8D /* Build configuration list for PBXProject "RickAndMorty" */;
			compatibilityVersion = "Xcode 14.0";
			developmentRegion = en;
			hasScannedForEncodings = 0;
			knownRegions = (
				en,
				Base,
			);
			mainGroup = B1F23E2529DF963800914A8D;
			productRefGroup = B1F23E2F29DF963800914A8D /* Products */;
			projectDirPath = "";
			projectRoot = "";
			targets = (
				B1F23E2D29DF963800914A8D /* RickAndMorty */,
				B1F23E4329DF963900914A8D /* RickAndMortyTests */,
				B1F23E4D29DF963900914A8D /* RickAndMortyUITests */,
			);
		};
/* End PBXProject section */

/* Begin PBXResourcesBuildPhase section */
		B1F23E2C29DF963800914A8D /* Resources */ = {
			isa = PBXResourcesBuildPhase;
			buildActionMask = 2147483647;
			files = (
				B1F23E3E29DF963900914A8D /* LaunchScreen.storyboard in Resources */,
				B1F23E3B29DF963900914A8D /* Assets.xcassets in Resources */,
			);
			runOnlyForDeploymentPostprocessing = 0;
		};
		B1F23E4229DF963900914A8D /* Resources */ = {
			isa = PBXResourcesBuildPhase;
			buildActionMask = 2147483647;
			files = (
			);
			runOnlyForDeploymentPostprocessing = 0;
		};
		B1F23E4C29DF963900914A8D /* Resources */ = {
			isa = PBXResourcesBuildPhase;
			buildActionMask = 2147483647;
			files = (
			);
			runOnlyForDeploymentPostprocessing = 0;
		};
/* End PBXResourcesBuildPhase section */

/* Begin PBXSourcesBuildPhase section */
		B1F23E2A29DF963800914A8D /* Sources */ = {
			isa = PBXSourcesBuildPhase;
			buildActionMask = 2147483647;
			files = (
				B1F23E7529DFA23800914A8D /* RMLocationViewController.swift in Sources */,
				B1F23E6D29DF9B5F00914A8D /* RMEpisode.swift in Sources */,
				B1F23E6F29DF9F4E00914A8D /* RMTabViewController.swift in Sources */,
				B1F23E3229DF963800914A8D /* AppDelegate.swift in Sources */,
				B1F23E3429DF963800914A8D /* SceneDelegate.swift in Sources */,
				B1F23E6929DF9B4000914A8D /* RMLocation.swift in Sources */,
				B1F23E7729DFA24400914A8D /* RMSettingsViewController.swift in Sources */,
				B1F23E6B29DF9B5300914A8D /* RMCharacter.swift in Sources */,
				B1F23E7129DFA22100914A8D /* RMCharacterViewController.swift in Sources */,
				B1F23E7329DFA22C00914A8D /* RMEpisodeViewController.swift in Sources */,
			);
			runOnlyForDeploymentPostprocessing = 0;
		};
		B1F23E4029DF963900914A8D /* Sources */ = {
			isa = PBXSourcesBuildPhase;
			buildActionMask = 2147483647;
			files = (
				B1F23E4929DF963900914A8D /* RickAndMortyTests.swift in Sources */,
			);
			runOnlyForDeploymentPostprocessing = 0;
		};
		B1F23E4A29DF963900914A8D /* Sources */ = {
			isa = PBXSourcesBuildPhase;
			buildActionMask = 2147483647;
			files = (
				B1F23E5329DF963900914A8D /* RickAndMortyUITests.swift in Sources */,
				B1F23E5529DF963900914A8D /* RickAndMortyUITestsLaunchTests.swift in Sources */,
			);
			runOnlyForDeploymentPostprocessing = 0;
		};
/* End PBXSourcesBuildPhase section */

/* Begin PBXTargetDependency section */
		B1F23E4629DF963900914A8D /* PBXTargetDependency */ = {
			isa = PBXTargetDependency;
			target = B1F23E2D29DF963800914A8D /* RickAndMorty */;
			targetProxy = B1F23E4529DF963900914A8D /* PBXContainerItemProxy */;
		};
		B1F23E5029DF963900914A8D /* PBXTargetDependency */ = {
			isa = PBXTargetDependency;
			target = B1F23E2D29DF963800914A8D /* RickAndMorty */;
			targetProxy = B1F23E4F29DF963900914A8D /* PBXContainerItemProxy */;
		};
/* End PBXTargetDependency section */

/* Begin PBXVariantGroup section */
		B1F23E3C29DF963900914A8D /* LaunchScreen.storyboard */ = {
			isa = PBXVariantGroup;
			children = (
				B1F23E3D29DF963900914A8D /* Base */,
			);
			name = LaunchScreen.storyboard;
			sourceTree = "<group>";
		};
/* End PBXVariantGroup section */

/* Begin XCBuildConfiguration section */
		B1F23E5629DF963900914A8D /* Debug */ = {
			isa = XCBuildConfiguration;
			buildSettings = {
				ALWAYS_SEARCH_USER_PATHS = NO;
				CLANG_ANALYZER_NONNULL = YES;
				CLANG_ANALYZER_NUMBER_OBJECT_CONVERSION = YES_AGGRESSIVE;
				CLANG_CXX_LANGUAGE_STANDARD = "gnu++20";
				CLANG_ENABLE_MODULES = YES;
				CLANG_ENABLE_OBJC_ARC = YES;
				CLANG_ENABLE_OBJC_WEAK = YES;
				CLANG_WARN_BLOCK_CAPTURE_AUTORELEASING = YES;
				CLANG_WARN_BOOL_CONVERSION = YES;
				CLANG_WARN_COMMA = YES;
				CLANG_WARN_CONSTANT_CONVERSION = YES;
				CLANG_WARN_DEPRECATED_OBJC_IMPLEMENTATIONS = YES;
				CLANG_WARN_DIRECT_OBJC_ISA_USAGE = YES_ERROR;
				CLANG_WARN_DOCUMENTATION_COMMENTS = YES;
				CLANG_WARN_EMPTY_BODY = YES;
				CLANG_WARN_ENUM_CONVERSION = YES;
				CLANG_WARN_INFINITE_RECURSION = YES;
				CLANG_WARN_INT_CONVERSION = YES;
				CLANG_WARN_NON_LITERAL_NULL_CONVERSION = YES;
				CLANG_WARN_OBJC_IMPLICIT_RETAIN_SELF = YES;
				CLANG_WARN_OBJC_LITERAL_CONVERSION = YES;
				CLANG_WARN_OBJC_ROOT_CLASS = YES_ERROR;
				CLANG_WARN_QUOTED_INCLUDE_IN_FRAMEWORK_HEADER = YES;
				CLANG_WARN_RANGE_LOOP_ANALYSIS = YES;
				CLANG_WARN_STRICT_PROTOTYPES = YES;
				CLANG_WARN_SUSPICIOUS_MOVE = YES;
				CLANG_WARN_UNGUARDED_AVAILABILITY = YES_AGGRESSIVE;
				CLANG_WARN_UNREACHABLE_CODE = YES;
				CLANG_WARN__DUPLICATE_METHOD_MATCH = YES;
				COPY_PHASE_STRIP = NO;
				DEBUG_INFORMATION_FORMAT = dwarf;
				ENABLE_STRICT_OBJC_MSGSEND = YES;
				ENABLE_TESTABILITY = YES;
				GCC_C_LANGUAGE_STANDARD = gnu11;
				GCC_DYNAMIC_NO_PIC = NO;
				GCC_NO_COMMON_BLOCKS = YES;
				GCC_OPTIMIZATION_LEVEL = 0;
				GCC_PREPROCESSOR_DEFINITIONS = (
					"DEBUG=1",
					"$(inherited)",
				);
				GCC_WARN_64_TO_32_BIT_CONVERSION = YES;
				GCC_WARN_ABOUT_RETURN_TYPE = YES_ERROR;
				GCC_WARN_UNDECLARED_SELECTOR = YES;
				GCC_WARN_UNINITIALIZED_AUTOS = YES_AGGRESSIVE;
				GCC_WARN_UNUSED_FUNCTION = YES;
				GCC_WARN_UNUSED_VARIABLE = YES;
				IPHONEOS_DEPLOYMENT_TARGET = 16.4;
				MTL_ENABLE_DEBUG_INFO = INCLUDE_SOURCE;
				MTL_FAST_MATH = YES;
				ONLY_ACTIVE_ARCH = YES;
				SDKROOT = iphoneos;
				SWIFT_ACTIVE_COMPILATION_CONDITIONS = DEBUG;
				SWIFT_OPTIMIZATION_LEVEL = "-Onone";
			};
			name = Debug;
		};
		B1F23E5729DF963900914A8D /* Release */ = {
			isa = XCBuildConfiguration;
			buildSettings = {
				ALWAYS_SEARCH_USER_PATHS = NO;
				CLANG_ANALYZER_NONNULL = YES;
				CLANG_ANALYZER_NUMBER_OBJECT_CONVERSION = YES_AGGRESSIVE;
				CLANG_CXX_LANGUAGE_STANDARD = "gnu++20";
				CLANG_ENABLE_MODULES = YES;
				CLANG_ENABLE_OBJC_ARC = YES;
				CLANG_ENABLE_OBJC_WEAK = YES;
				CLANG_WARN_BLOCK_CAPTURE_AUTORELEASING = YES;
				CLANG_WARN_BOOL_CONVERSION = YES;
				CLANG_WARN_COMMA = YES;
				CLANG_WARN_CONSTANT_CONVERSION = YES;
				CLANG_WARN_DEPRECATED_OBJC_IMPLEMENTATIONS = YES;
				CLANG_WARN_DIRECT_OBJC_ISA_USAGE = YES_ERROR;
				CLANG_WARN_DOCUMENTATION_COMMENTS = YES;
				CLANG_WARN_EMPTY_BODY = YES;
				CLANG_WARN_ENUM_CONVERSION = YES;
				CLANG_WARN_INFINITE_RECURSION = YES;
				CLANG_WARN_INT_CONVERSION = YES;
				CLANG_WARN_NON_LITERAL_NULL_CONVERSION = YES;
				CLANG_WARN_OBJC_IMPLICIT_RETAIN_SELF = YES;
				CLANG_WARN_OBJC_LITERAL_CONVERSION = YES;
				CLANG_WARN_OBJC_ROOT_CLASS = YES_ERROR;
				CLANG_WARN_QUOTED_INCLUDE_IN_FRAMEWORK_HEADER = YES;
				CLANG_WARN_RANGE_LOOP_ANALYSIS = YES;
				CLANG_WARN_STRICT_PROTOTYPES = YES;
				CLANG_WARN_SUSPICIOUS_MOVE = YES;
				CLANG_WARN_UNGUARDED_AVAILABILITY = YES_AGGRESSIVE;
				CLANG_WARN_UNREACHABLE_CODE = YES;
				CLANG_WARN__DUPLICATE_METHOD_MATCH = YES;
				COPY_PHASE_STRIP = NO;
				DEBUG_INFORMATION_FORMAT = "dwarf-with-dsym";
				ENABLE_NS_ASSERTIONS = NO;
				ENABLE_STRICT_OBJC_MSGSEND = YES;
				GCC_C_LANGUAGE_STANDARD = gnu11;
				GCC_NO_COMMON_BLOCKS = YES;
				GCC_WARN_64_TO_32_BIT_CONVERSION = YES;
				GCC_WARN_ABOUT_RETURN_TYPE = YES_ERROR;
				GCC_WARN_UNDECLARED_SELECTOR = YES;
				GCC_WARN_UNINITIALIZED_AUTOS = YES_AGGRESSIVE;
				GCC_WARN_UNUSED_FUNCTION = YES;
				GCC_WARN_UNUSED_VARIABLE = YES;
				IPHONEOS_DEPLOYMENT_TARGET = 16.4;
				MTL_ENABLE_DEBUG_INFO = NO;
				MTL_FAST_MATH = YES;
				SDKROOT = iphoneos;
				SWIFT_COMPILATION_MODE = wholemodule;
				SWIFT_OPTIMIZATION_LEVEL = "-O";
				VALIDATE_PRODUCT = YES;
			};
			name = Release;
		};
		B1F23E5929DF963900914A8D /* Debug */ = {
			isa = XCBuildConfiguration;
			buildSettings = {
				ASSETCATALOG_COMPILER_APPICON_NAME = AppIcon;
				ASSETCATALOG_COMPILER_GLOBAL_ACCENT_COLOR_NAME = AccentColor;
				CODE_SIGN_STYLE = Automatic;
				CURRENT_PROJECT_VERSION = 1;
				DEVELOPMENT_TEAM = FVXRQND3U7;
				GENERATE_INFOPLIST_FILE = YES;
				INFOPLIST_FILE = RickAndMorty/Info.plist;
				INFOPLIST_KEY_UIApplicationSupportsIndirectInputEvents = YES;
				INFOPLIST_KEY_UILaunchStoryboardName = LaunchScreen;
				INFOPLIST_KEY_UISupportedInterfaceOrientations_iPad = "UIInterfaceOrientationPortrait UIInterfaceOrientationPortraitUpsideDown UIInterfaceOrientationLandscapeLeft UIInterfaceOrientationLandscapeRight";
				INFOPLIST_KEY_UISupportedInterfaceOrientations_iPhone = "UIInterfaceOrientationPortrait UIInterfaceOrientationLandscapeLeft UIInterfaceOrientationLandscapeRight";
				LD_RUNPATH_SEARCH_PATHS = (
					"$(inherited)",
					"@executable_path/Frameworks",
				);
				MARKETING_VERSION = 1.0;
				PRODUCT_BUNDLE_IDENTIFIER = antonio.com.example.RickAndMorty;
				PRODUCT_NAME = "$(TARGET_NAME)";
				SWIFT_EMIT_LOC_STRINGS = YES;
				SWIFT_VERSION = 5.0;
				TARGETED_DEVICE_FAMILY = "1,2";
			};
			name = Debug;
		};
		B1F23E5A29DF963900914A8D /* Release */ = {
			isa = XCBuildConfiguration;
			buildSettings = {
				ASSETCATALOG_COMPILER_APPICON_NAME = AppIcon;
				ASSETCATALOG_COMPILER_GLOBAL_ACCENT_COLOR_NAME = AccentColor;
				CODE_SIGN_STYLE = Automatic;
				CURRENT_PROJECT_VERSION = 1;
				DEVELOPMENT_TEAM = FVXRQND3U7;
				GENERATE_INFOPLIST_FILE = YES;
				INFOPLIST_FILE = RickAndMorty/Info.plist;
				INFOPLIST_KEY_UIApplicationSupportsIndirectInputEvents = YES;
				INFOPLIST_KEY_UILaunchStoryboardName = LaunchScreen;
				INFOPLIST_KEY_UISupportedInterfaceOrientations_iPad = "UIInterfaceOrientationPortrait UIInterfaceOrientationPortraitUpsideDown UIInterfaceOrientationLandscapeLeft UIInterfaceOrientationLandscapeRight";
				INFOPLIST_KEY_UISupportedInterfaceOrientations_iPhone = "UIInterfaceOrientationPortrait UIInterfaceOrientationLandscapeLeft UIInterfaceOrientationLandscapeRight";
				LD_RUNPATH_SEARCH_PATHS = (
					"$(inherited)",
					"@executable_path/Frameworks",
				);
				MARKETING_VERSION = 1.0;
				PRODUCT_BUNDLE_IDENTIFIER = antonio.com.example.RickAndMorty;
				PRODUCT_NAME = "$(TARGET_NAME)";
				SWIFT_EMIT_LOC_STRINGS = YES;
				SWIFT_VERSION = 5.0;
				TARGETED_DEVICE_FAMILY = "1,2";
			};
			name = Release;
		};
		B1F23E5C29DF963900914A8D /* Debug */ = {
			isa = XCBuildConfiguration;
			buildSettings = {
				ALWAYS_EMBED_SWIFT_STANDARD_LIBRARIES = YES;
				BUNDLE_LOADER = "$(TEST_HOST)";
				CODE_SIGN_STYLE = Automatic;
				CURRENT_PROJECT_VERSION = 1;
				DEVELOPMENT_TEAM = FVXRQND3U7;
				GENERATE_INFOPLIST_FILE = YES;
				IPHONEOS_DEPLOYMENT_TARGET = 16.4;
				MARKETING_VERSION = 1.0;
				PRODUCT_BUNDLE_IDENTIFIER = antonio.com.example.RickAndMortyTests;
				PRODUCT_NAME = "$(TARGET_NAME)";
				SWIFT_EMIT_LOC_STRINGS = NO;
				SWIFT_VERSION = 5.0;
				TARGETED_DEVICE_FAMILY = "1,2";
				TEST_HOST = "$(BUILT_PRODUCTS_DIR)/RickAndMorty.app/$(BUNDLE_EXECUTABLE_FOLDER_PATH)/RickAndMorty";
			};
			name = Debug;
		};
		B1F23E5D29DF963900914A8D /* Release */ = {
			isa = XCBuildConfiguration;
			buildSettings = {
				ALWAYS_EMBED_SWIFT_STANDARD_LIBRARIES = YES;
				BUNDLE_LOADER = "$(TEST_HOST)";
				CODE_SIGN_STYLE = Automatic;
				CURRENT_PROJECT_VERSION = 1;
				DEVELOPMENT_TEAM = FVXRQND3U7;
				GENERATE_INFOPLIST_FILE = YES;
				IPHONEOS_DEPLOYMENT_TARGET = 16.4;
				MARKETING_VERSION = 1.0;
				PRODUCT_BUNDLE_IDENTIFIER = antonio.com.example.RickAndMortyTests;
				PRODUCT_NAME = "$(TARGET_NAME)";
				SWIFT_EMIT_LOC_STRINGS = NO;
				SWIFT_VERSION = 5.0;
				TARGETED_DEVICE_FAMILY = "1,2";
				TEST_HOST = "$(BUILT_PRODUCTS_DIR)/RickAndMorty.app/$(BUNDLE_EXECUTABLE_FOLDER_PATH)/RickAndMorty";
			};
			name = Release;
		};
		B1F23E5F29DF963900914A8D /* Debug */ = {
			isa = XCBuildConfiguration;
			buildSettings = {
				ALWAYS_EMBED_SWIFT_STANDARD_LIBRARIES = YES;
				CODE_SIGN_STYLE = Automatic;
				CURRENT_PROJECT_VERSION = 1;
				DEVELOPMENT_TEAM = FVXRQND3U7;
				GENERATE_INFOPLIST_FILE = YES;
				MARKETING_VERSION = 1.0;
				PRODUCT_BUNDLE_IDENTIFIER = antonio.com.example.RickAndMortyUITests;
				PRODUCT_NAME = "$(TARGET_NAME)";
				SWIFT_EMIT_LOC_STRINGS = NO;
				SWIFT_VERSION = 5.0;
				TARGETED_DEVICE_FAMILY = "1,2";
				TEST_TARGET_NAME = RickAndMorty;
			};
			name = Debug;
		};
		B1F23E6029DF963900914A8D /* Release */ = {
			isa = XCBuildConfiguration;
			buildSettings = {
				ALWAYS_EMBED_SWIFT_STANDARD_LIBRARIES = YES;
				CODE_SIGN_STYLE = Automatic;
				CURRENT_PROJECT_VERSION = 1;
				DEVELOPMENT_TEAM = FVXRQND3U7;
				GENERATE_INFOPLIST_FILE = YES;
				MARKETING_VERSION = 1.0;
				PRODUCT_BUNDLE_IDENTIFIER = antonio.com.example.RickAndMortyUITests;
				PRODUCT_NAME = "$(TARGET_NAME)";
				SWIFT_EMIT_LOC_STRINGS = NO;
				SWIFT_VERSION = 5.0;
				TARGETED_DEVICE_FAMILY = "1,2";
				TEST_TARGET_NAME = RickAndMorty;
			};
			name = Release;
		};
/* End XCBuildConfiguration section */

/* Begin XCConfigurationList section */
		B1F23E2929DF963800914A8D /* Build configuration list for PBXProject "RickAndMorty" */ = {
			isa = XCConfigurationList;
			buildConfigurations = (
				B1F23E5629DF963900914A8D /* Debug */,
				B1F23E5729DF963900914A8D /* Release */,
			);
			defaultConfigurationIsVisible = 0;
			defaultConfigurationName = Release;
		};
		B1F23E5829DF963900914A8D /* Build configuration list for PBXNativeTarget "RickAndMorty" */ = {
			isa = XCConfigurationList;
			buildConfigurations = (
				B1F23E5929DF963900914A8D /* Debug */,
				B1F23E5A29DF963900914A8D /* Release */,
			);
			defaultConfigurationIsVisible = 0;
			defaultConfigurationName = Release;
		};
		B1F23E5B29DF963900914A8D /* Build configuration list for PBXNativeTarget "RickAndMortyTests" */ = {
			isa = XCConfigurationList;
			buildConfigurations = (
				B1F23E5C29DF963900914A8D /* Debug */,
				B1F23E5D29DF963900914A8D /* Release */,
			);
			defaultConfigurationIsVisible = 0;
			defaultConfigurationName = Release;
		};
		B1F23E5E29DF963900914A8D /* Build configuration list for PBXNativeTarget "RickAndMortyUITests" */ = {
			isa = XCConfigurationList;
			buildConfigurations = (
				B1F23E5F29DF963900914A8D /* Debug */,
				B1F23E6029DF963900914A8D /* Release */,
			);
			defaultConfigurationIsVisible = 0;
			defaultConfigurationName = Release;
		};
/* End XCConfigurationList section */
	};
	rootObject = B1F23E2629DF963800914A8D /* Project object */;
}
